# This file was autogenerated by uv via the following command:
#    ./scripts/compile-requirements.sh
aiosqlite==0.20.0
    # via -r requirements.txt
annotated-types==0.7.0
    # via pydantic
anyio==4.14.1
    # via
    #   httpx
    #   starlette
    #   watchfiles
certifi==2026.6.17
    # via
    #   httpcore
    #   httpx
click==8.4.2
    # via
    #   rq
    #   uvicorn
fastapi==0.115.5
    # via -r requirements.txt
greenlet==3.5.3
    # via -r requirements.txt
h11==0.16.0
    # via
    #   httpcore
    #   uvicorn
httpcore==1.0.9
    # via httpx
httptools==0.8.0
    # via uvicorn
httpx==0.27.2
    # via -r requirements.txt
idna==3.18
    # via
    #   anyio
    #   httpx
itsdangerous==2.2.0
    # via -r requirements.txt
jinja2==3.1.6
    # via -r requirements.txt
markupsafe==3.0.3
    # via jinja2
mutagen==1.47.0
    # via -r requirements.txt
pydantic==2.13.4
    # via
    #   fastapi
    #   pydantic-settings
pydantic-core==2.46.4
    # via pydantic
pydantic-settings==2.6.1
    # via -r requirements.txt
python-dotenv==1.2.2
    # via
    #   pydantic-settings
    #   uvicorn
python-multipart==0.0.32
    # via -r requirements.txt
python-slugify==8.0.4
    # via -r requirements.txt
pyyaml==6.0.2
    # via
    #   -r requirements.txt
    #   uvicorn
redis==8.0.1
    # via
    #   -r requirements.txt
    #   rq
rq==2.0.0
    # via -r requirements.txt
sniffio==1.3.1
    # via httpx
sqlalchemy==2.0.51
    # via -r requirements.txt
starlette==0.41.3
    # via fastapi
text-unidecode==1.3
    # via python-slugify
typing-extensions==4.16.0
    # via
    #   aiosqlite
    #   anyio
    #   fastapi
    #   pydantic
    #   pydantic-core
    #   sqlalchemy
    #   typing-inspection
typing-inspection==0.4.2
    # via pydantic
uvicorn==0.32.1
    # via -r requirements.txt
uvloop==0.22.1
    # via uvicorn
watchfiles==1.2.0
    # via uvicorn
websockets==16.0
    # via uvicorn
